hash: 0fa70af944bea756c0485095e862dc41168c81e483643555137fe8199c4f11a5
updated: 2017-10-27T21:54:35.625698459+02:00
imports:
- name: github.com/inconshreveable/mousetrap
  version: 76626ae9c91c4f2a10f34cad8ce83ea42c93bb75
- name: github.com/Sirupsen/logrus
  version: ba1b36c82c5e05c4f912a88eab0dcd91a171688f
- name: github.com/spf13/cobra
  version: 35136c09d8da66b901337c6e86fd8e88a1a255bd
- name: github.com/spf13/pflag
  version: 5ccb023bc27df288a957c5e994cd44fd19619465
- name: golang.org/x/sys
  version: 8f0908ab3b2457e2e15403d3697c9ef5cb4b57a9
  subpackages:
  - unix
testImports: []
